{
  "name": "mongodemo",
  "version": "1.0.0",
  "lockfileVersion": 1,
  "requires": true,
  "dependencies": {
    "body-parser": {
      "version": "1.17.2",
      "resolved": "http://registry.npm.taobao.org/body-parser/download/body-parser-1.17.2.tgz",
      "integrity": "sha1-+IkqvI+eYn1Crtr7yma/WrmRBO4="
    },
    "express": {
      "version": "4.15.3",
      "resolved": "http://registry.npm.taobao.org/express/download/express-4.15.3.tgz",
      "integrity": "sha1-urZdDwOqgMNYQIly/HAPkWlEtmI="
    },
    "mongode": {
      "version": "0.1.6",
      "resolved": "http://registry.npm.taobao.org/mongode/download/mongode-0.1.6.tgz",
      "integrity": "sha1-Nh3dFNvMTKXVZbSiXaKPP33gMqw="
    },
    "mongoose": {
      "version": "4.11.0",
      "resolved": "http://registry.npm.taobao.org/mongoose/download/mongoose-4.11.0.tgz",
      "integrity": "sha1-du3FGVlSD0arbzIhVoM736NaK8A=",
      "dependencies": {
        "mongodb": {
          "version": "2.2.27",
          "resolved": "http://registry.npm.taobao.org/mongodb/download/mongodb-2.2.27.tgz",
          "integrity": "sha1-NBIgNNtm2YO89qta2yaiSnD+9uY="
        },
        "mongodb-core": {
          "version": "2.1.11",
          "resolved": "http://registry.npm.taobao.org/mongodb-core/download/mongodb-core-2.1.11.tgz",
          "integrity": "sha1-HDh3bOsXSZepnCiGDu2QKNqbPho="
        }
      }
    },
    "pm2": {
      "version": "2.5.0",
      "resolved": "http://registry.npm.taobao.org/pm2/download/pm2-2.5.0.tgz",
      "integrity": "sha1-EcD/NJfCKSPmIh6deACLHLRYS9E=",
      "dependencies": {
        "async": {
          "version": "1.5.2",
          "resolved": "http://registry.npm.taobao.org/async/download/async-1.5.2.tgz",
          "integrity": "sha1-7GphrlZIDAw8skHJVhjiCJL5Zyo="
        }
      }
    }
  }
}
